
Microsoft Visual Studio Solution File, Format Version 12.00
# Visual Studio Version 17
VisualStudioVersion = 17.7.34031.279
MinimumVisualStudioVersion = 10.0.40219.1
Project("{FAE04EC0-301F-11D3-BF4B-00C04F79EFBC}") = "Calculate", "Calculate\Calculate.csproj", "{34251B2C-4E82-4617-A40C-5F3AEF59D55F}"
EndProject
Global
	GlobalSection(SolutionConfigurationPlatforms) = preSolution
		Debug|Any CPU = Debug|Any CPU
		Release|Any CPU = Release|Any CPU
	EndGlobalSection
	GlobalSection(ProjectConfigurationPlatforms) = postSolution
		{34251B2C-4E82-4617-A40C-5F3AEF59D55F}.Debug|Any CPU.ActiveCfg = Debug|Any CPU
		{34251B2C-4E82-4617-A40C-5F3AEF59D55F}.Debug|Any CPU.Build.0 = Debug|Any CPU
		{34251B2C-4E82-4617-A40C-5F3AEF59D55F}.Release|Any CPU.ActiveCfg = Release|Any CPU
		{34251B2C-4E82-4617-A40C-5F3AEF59D55F}.Release|Any CPU.Build.0 = Release|Any CPU
	EndGlobalSection
	GlobalSection(SolutionProperties) = preSolution
		HideSolutionNode = FALSE
	EndGlobalSection
	GlobalSection(ExtensibilityGlobals) = postSolution
		SolutionGuid = {2E27BCB9-91E5-437D-8B6F-AC545CCDD0E2}
	EndGlobalSection
EndGlobal
